
Microsoft Visual Studio Solution File, Format Version 12.00
# Visual Studio Version 16
VisualStudioVersion = 16.0.29025.244
MinimumVisualStudioVersion = 10.0.40219.1
Project("{FAE04EC0-301F-11D3-BF4B-00C04F79EFBC}") = "Tarea2", "Tarea2\Tarea2.csproj", "{BFBA181B-2D0F-45CA-99B2-B350A379F6FF}"
EndProject
Global
	GlobalSection(SolutionConfigurationPlatforms) = preSolution
		Debug|Any CPU = Debug|Any CPU
		Release|Any CPU = Release|Any CPU
	EndGlobalSection
	GlobalSection(ProjectConfigurationPlatforms) = postSolution
		{BFBA181B-2D0F-45CA-99B2-B350A379F6FF}.Debug|Any CPU.ActiveCfg = Debug|Any CPU
		{BFBA181B-2D0F-45CA-99B2-B350A379F6FF}.Debug|Any CPU.Build.0 = Debug|Any CPU
		{BFBA181B-2D0F-45CA-99B2-B350A379F6FF}.Release|Any CPU.ActiveCfg = Release|Any CPU
		{BFBA181B-2D0F-45CA-99B2-B350A379F6FF}.Release|Any CPU.Build.0 = Release|Any CPU
	EndGlobalSection
	GlobalSection(SolutionProperties) = preSolution
		HideSolutionNode = FALSE
	EndGlobalSection
	GlobalSection(ExtensibilityGlobals) = postSolution
		SolutionGuid = {1CCFFE88-0F94-4301-A295-05F7F7835042}
	EndGlobalSection
EndGlobal
